
Microsoft Visual Studio Solution File, Format Version 12.00
# Visual Studio Version 17
VisualStudioVersion = 17.0.31903.59
MinimumVisualStudioVersion = 10.0.40219.1
Project("{2150E333-8FDC-42A3-9474-1A3956D46DE8}") = "src", "src", "{827E0CD3-B72D-47B6-A68D-7590B98EB39B}"
EndProject
Project("{FAE04EC0-301F-11D3-BF4B-00C04F79EFBC}") = "Flit.Identity.Api", "src\Flit.Identity.Api\Flit.Identity.Api.csproj", "{AADCCDD3-E904-4B7E-9A36-D5A5F5F1C8B0}"
EndProject
Project("{FAE04EC0-301F-11D3-BF4B-00C04F79EFBC}") = "Flit.Identity.Auth", "src\Flit.Identity.Auth\Flit.Identity.Auth.csproj", "{82C78607-FE7F-4A64-AB21-AE4D022E774F}"
EndProject
Project("{FAE04EC0-301F-11D3-BF4B-00C04F79EFBC}") = "Flit.Identity.Infrastructure", "src\Flit.Identity.Infrastructure\Flit.Identity.Infrastructure.csproj", "{22D8301C-A5E1-44E6-B685-BF6F1FA98A17}"
EndProject
Project("{FAE04EC0-301F-11D3-BF4B-00C04F79EFBC}") = "Flit.Identity.Shared", "src\Flit.Identity.Shared\Flit.Identity.Shared.csproj", "{715EBE8B-200C-4F37-91C8-2E06E3520BD4}"
EndProject
Project("{FAE04EC0-301F-11D3-BF4B-00C04F79EFBC}") = "Flit.Identity.Users", "src\Flit.Identity.Users\Flit.Identity.Users.csproj", "{BCC47A35-67C4-4701-8269-38E1C5C08A55}"
EndProject
Project("{FAE04EC0-301F-11D3-BF4B-00C04F79EFBC}") = "Flit.Identity.Rbac", "src\Flit.Identity.Rbac\Flit.Identity.Rbac.csproj", "{4BABAB25-6E71-4C04-8316-3C01EB43EBD2}"
EndProject
Project("{FAE04EC0-301F-11D3-BF4B-00C04F79EFBC}") = "Flit.Identity.Notifications", "src\Flit.Identity.Notifications\Flit.Identity.Notifications.csproj", "{AACA293A-5656-4CF5-A7A5-36E18FC8F89E}"
EndProject
Project("{2150E333-8FDC-42A3-9474-1A3956D46DE8}") = "tests", "tests", "{0AB3BF05-4346-4AA6-1389-037BE0695223}"
EndProject
Project("{FAE04EC0-301F-11D3-BF4B-00C04F79EFBC}") = "Flit.Identity.UnitTests", "tests\Flit.Identity.UnitTests\Flit.Identity.UnitTests.csproj", "{83C1B542-E1A6-4111-84A0-B8ACDC4070CB}"
EndProject
Project("{FAE04EC0-301F-11D3-BF4B-00C04F79EFBC}") = "Flit.Identity.IntegrationTests", "tests\Flit.Identity.IntegrationTests\Flit.Identity.IntegrationTests.csproj", "{63659FED-9344-40E1-A78A-5EC65DA32652}"
EndProject
Global
	GlobalSection(SolutionConfigurationPlatforms) = preSolution
		Debug|Any CPU = Debug|Any CPU
		Debug|x64 = Debug|x64
		Debug|x86 = Debug|x86
		Release|Any CPU = Release|Any CPU
		Release|x64 = Release|x64
		Release|x86 = Release|x86
	EndGlobalSection
	GlobalSection(ProjectConfigurationPlatforms) = postSolution
		{AADCCDD3-E904-4B7E-9A36-D5A5F5F1C8B0}.Debug|Any CPU.ActiveCfg = Debug|Any CPU
		{AADCCDD3-E904-4B7E-9A36-D5A5F5F1C8B0}.Debug|Any CPU.Build.0 = Debug|Any CPU
		{AADCCDD3-E904-4B7E-9A36-D5A5F5F1C8B0}.Debug|x64.ActiveCfg = Debug|Any CPU
		{AADCCDD3-E904-4B7E-9A36-D5A5F5F1C8B0}.Debug|x64.Build.0 = Debug|Any CPU
		{AADCCDD3-E904-4B7E-9A36-D5A5F5F1C8B0}.Debug|x86.ActiveCfg = Debug|Any CPU
		{AADCCDD3-E904-4B7E-9A36-D5A5F5F1C8B0}.Debug|x86.Build.0 = Debug|Any CPU
		{AADCCDD3-E904-4B7E-9A36-D5A5F5F1C8B0}.Release|Any CPU.ActiveCfg = Release|Any CPU
		{AADCCDD3-E904-4B7E-9A36-D5A5F5F1C8B0}.Release|Any CPU.Build.0 = Release|Any CPU
		{AADCCDD3-E904-4B7E-9A36-D5A5F5F1C8B0}.Release|x64.ActiveCfg = Release|Any CPU
		{AADCCDD3-E904-4B7E-9A36-D5A5F5F1C8B0}.Release|x64.Build.0 = Release|Any CPU
		{AADCCDD3-E904-4B7E-9A36-D5A5F5F1C8B0}.Release|x86.ActiveCfg = Release|Any CPU
		{AADCCDD3-E904-4B7E-9A36-D5A5F5F1C8B0}.Release|x86.Build.0 = Release|Any CPU
		{82C78607-FE7F-4A64-AB21-AE4D022E774F}.Debug|Any CPU.ActiveCfg = Debug|Any CPU
		{82C78607-FE7F-4A64-AB21-AE4D022E774F}.Debug|Any CPU.Build.0 = Debug|Any CPU
		{82C78607-FE7F-4A64-AB21-AE4D022E774F}.Debug|x64.ActiveCfg = Debug|Any CPU
		{82C78607-FE7F-4A64-AB21-AE4D022E774F}.Debug|x64.Build.0 = Debug|Any CPU
		{82C78607-FE7F-4A64-AB21-AE4D022E774F}.Debug|x86.ActiveCfg = Debug|Any CPU
		{82C78607-FE7F-4A64-AB21-AE4D022E774F}.Debug|x86.Build.0 = Debug|Any CPU
		{82C78607-FE7F-4A64-AB21-AE4D022E774F}.Release|Any CPU.ActiveCfg = Release|Any CPU
		{82C78607-FE7F-4A64-AB21-AE4D022E774F}.Release|Any CPU.Build.0 = Release|Any CPU
		{82C78607-FE7F-4A64-AB21-AE4D022E774F}.Release|x64.ActiveCfg = Release|Any CPU
		{82C78607-FE7F-4A64-AB21-AE4D022E774F}.Release|x64.Build.0 = Release|Any CPU
		{82C78607-FE7F-4A64-AB21-AE4D022E774F}.Release|x86.ActiveCfg = Release|Any CPU
		{82C78607-FE7F-4A64-AB21-AE4D022E774F}.Release|x86.Build.0 = Release|Any CPU
		{22D8301C-A5E1-44E6-B685-BF6F1FA98A17}.Debug|Any CPU.ActiveCfg = Debug|Any CPU
		{22D8301C-A5E1-44E6-B685-BF6F1FA98A17}.Debug|Any CPU.Build.0 = Debug|Any CPU
		{22D8301C-A5E1-44E6-B685-BF6F1FA98A17}.Debug|x64.ActiveCfg = Debug|Any CPU
		{22D8301C-A5E1-44E6-B685-BF6F1FA98A17}.Debug|x64.Build.0 = Debug|Any CPU
		{22D8301C-A5E1-44E6-B685-BF6F1FA98A17}.Debug|x86.ActiveCfg = Debug|Any CPU
		{22D8301C-A5E1-44E6-B685-BF6F1FA98A17}.Debug|x86.Build.0 = Debug|Any CPU
		{22D8301C-A5E1-44E6-B685-BF6F1FA98A17}.Release|Any CPU.ActiveCfg = Release|Any CPU
		{22D8301C-A5E1-44E6-B685-BF6F1FA98A17}.Release|Any CPU.Build.0 = Release|Any CPU
		{22D8301C-A5E1-44E6-B685-BF6F1FA98A17}.Release|x64.ActiveCfg = Release|Any CPU
		{22D8301C-A5E1-44E6-B685-BF6F1FA98A17}.Release|x64.Build.0 = Release|Any CPU
		{22D8301C-A5E1-44E6-B685-BF6F1FA98A17}.Release|x86.ActiveCfg = Release|Any CPU
		{22D8301C-A5E1-44E6-B685-BF6F1FA98A17}.Release|x86.Build.0 = Release|Any CPU
		{715EBE8B-200C-4F37-91C8-2E06E3520BD4}.Debug|Any CPU.ActiveCfg = Debug|Any CPU
		{715EBE8B-200C-4F37-91C8-2E06E3520BD4}.Debug|Any CPU.Build.0 = Debug|Any CPU
		{715EBE8B-200C-4F37-91C8-2E06E3520BD4}.Debug|x64.ActiveCfg = Debug|Any CPU
		{715EBE8B-200C-4F37-91C8-2E06E3520BD4}.Debug|x64.Build.0 = Debug|Any CPU
		{715EBE8B-200C-4F37-91C8-2E06E3520BD4}.Debug|x86.ActiveCfg = Debug|Any CPU
		{715EBE8B-200C-4F37-91C8-2E06E3520BD4}.Debug|x86.Build.0 = Debug|Any CPU
		{715EBE8B-200C-4F37-91C8-2E06E3520BD4}.Release|Any CPU.ActiveCfg = Release|Any CPU
		{715EBE8B-200C-4F37-91C8-2E06E3520BD4}.Release|Any CPU.Build.0 = Release|Any CPU
		{715EBE8B-200C-4F37-91C8-2E06E3520BD4}.Release|x64.ActiveCfg = Release|Any CPU
		{715EBE8B-200C-4F37-91C8-2E06E3520BD4}.Release|x64.Build.0 = Release|Any CPU
		{715EBE8B-200C-4F37-91C8-2E06E3520BD4}.Release|x86.ActiveCfg = Release|Any CPU
		{715EBE8B-200C-4F37-91C8-2E06E3520BD4}.Release|x86.Build.0 = Release|Any CPU
		{BCC47A35-67C4-4701-8269-38E1C5C08A55}.Debug|Any CPU.ActiveCfg = Debug|Any CPU
		{BCC47A35-67C4-4701-8269-38E1C5C08A55}.Debug|Any CPU.Build.0 = Debug|Any CPU
		{BCC47A35-67C4-4701-8269-38E1C5C08A55}.Debug|x64.ActiveCfg = Debug|Any CPU
		{BCC47A35-67C4-4701-8269-38E1C5C08A55}.Debug|x64.Build.0 = Debug|Any CPU
		{BCC47A35-67C4-4701-8269-38E1C5C08A55}.Debug|x86.ActiveCfg = Debug|Any CPU
		{BCC47A35-67C4-4701-8269-38E1C5C08A55}.Debug|x86.Build.0 = Debug|Any CPU
		{BCC47A35-67C4-4701-8269-38E1C5C08A55}.Release|Any CPU.ActiveCfg = Release|Any CPU
		{BCC47A35-67C4-4701-8269-38E1C5C08A55}.Release|Any CPU.Build.0 = Release|Any CPU
		{BCC47A35-67C4-4701-8269-38E1C5C08A55}.Release|x64.ActiveCfg = Release|Any CPU
		{BCC47A35-67C4-4701-8269-38E1C5C08A55}.Release|x64.Build.0 = Release|Any CPU
		{BCC47A35-67C4-4701-8269-38E1C5C08A55}.Release|x86.ActiveCfg = Release|Any CPU
		{BCC47A35-67C4-4701-8269-38E1C5C08A55}.Release|x86.Build.0 = Release|Any CPU
		{4BABAB25-6E71-4C04-8316-3C01EB43EBD2}.Debug|Any CPU.ActiveCfg = Debug|Any CPU
		{4BABAB25-6E71-4C04-8316-3C01EB43EBD2}.Debug|Any CPU.Build.0 = Debug|Any CPU
		{4BABAB25-6E71-4C04-8316-3C01EB43EBD2}.Debug|x64.ActiveCfg = Debug|Any CPU
		{4BABAB25-6E71-4C04-8316-3C01EB43EBD2}.Debug|x64.Build.0 = Debug|Any CPU
		{4BABAB25-6E71-4C04-8316-3C01EB43EBD2}.Debug|x86.ActiveCfg = Debug|Any CPU
		{4BABAB25-6E71-4C04-8316-3C01EB43EBD2}.Debug|x86.Build.0 = Debug|Any CPU
		{4BABAB25-6E71-4C04-8316-3C01EB43EBD2}.Release|Any CPU.ActiveCfg = Release|Any CPU
		{4BABAB25-6E71-4C04-8316-3C01EB43EBD2}.Release|Any CPU.Build.0 = Release|Any CPU
		{4BABAB25-6E71-4C04-8316-3C01EB43EBD2}.Release|x64.ActiveCfg = Release|Any CPU
		{4BABAB25-6E71-4C04-8316-3C01EB43EBD2}.Release|x64.Build.0 = Release|Any CPU
		{4BABAB25-6E71-4C04-8316-3C01EB43EBD2}.Release|x86.ActiveCfg = Release|Any CPU
		{4BABAB25-6E71-4C04-8316-3C01EB43EBD2}.Release|x86.Build.0 = Release|Any CPU
		{AACA293A-5656-4CF5-A7A5-36E18FC8F89E}.Debug|Any CPU.ActiveCfg = Debug|Any CPU
		{AACA293A-5656-4CF5-A7A5-36E18FC8F89E}.Debug|Any CPU.Build.0 = Debug|Any CPU
		{AACA293A-5656-4CF5-A7A5-36E18FC8F89E}.Debug|x64.ActiveCfg = Debug|Any CPU
		{AACA293A-5656-4CF5-A7A5-36E18FC8F89E}.Debug|x64.Build.0 = Debug|Any CPU
		{AACA293A-5656-4CF5-A7A5-36E18FC8F89E}.Debug|x86.ActiveCfg = Debug|Any CPU
		{AACA293A-5656-4CF5-A7A5-36E18FC8F89E}.Debug|x86.Build.0 = Debug|Any CPU
		{AACA293A-5656-4CF5-A7A5-36E18FC8F89E}.Release|Any CPU.ActiveCfg = Release|Any CPU
		{AACA293A-5656-4CF5-A7A5-36E18FC8F89E}.Release|Any CPU.Build.0 = Release|Any CPU
		{AACA293A-5656-4CF5-A7A5-36E18FC8F89E}.Release|x64.ActiveCfg = Release|Any CPU
		{AACA293A-5656-4CF5-A7A5-36E18FC8F89E}.Release|x64.Build.0 = Release|Any CPU
		{AACA293A-5656-4CF5-A7A5-36E18FC8F89E}.Release|x86.ActiveCfg = Release|Any CPU
		{AACA293A-5656-4CF5-A7A5-36E18FC8F89E}.Release|x86.Build.0 = Release|Any CPU
		{83C1B542-E1A6-4111-84A0-B8ACDC4070CB}.Debug|Any CPU.ActiveCfg = Debug|Any CPU
		{83C1B542-E1A6-4111-84A0-B8ACDC4070CB}.Debug|Any CPU.Build.0 = Debug|Any CPU
		{83C1B542-E1A6-4111-84A0-B8ACDC4070CB}.Debug|x64.ActiveCfg = Debug|Any CPU
		{83C1B542-E1A6-4111-84A0-B8ACDC4070CB}.Debug|x64.Build.0 = Debug|Any CPU
		{83C1B542-E1A6-4111-84A0-B8ACDC4070CB}.Debug|x86.ActiveCfg = Debug|Any CPU
		{83C1B542-E1A6-4111-84A0-B8ACDC4070CB}.Debug|x86.Build.0 = Debug|Any CPU
		{83C1B542-E1A6-4111-84A0-B8ACDC4070CB}.Release|Any CPU.ActiveCfg = Release|Any CPU
		{83C1B542-E1A6-4111-84A0-B8ACDC4070CB}.Release|Any CPU.Build.0 = Release|Any CPU
		{83C1B542-E1A6-4111-84A0-B8ACDC4070CB}.Release|x64.ActiveCfg = Release|Any CPU
		{83C1B542-E1A6-4111-84A0-B8ACDC4070CB}.Release|x64.Build.0 = Release|Any CPU
		{83C1B542-E1A6-4111-84A0-B8ACDC4070CB}.Release|x86.ActiveCfg = Release|Any CPU
		{83C1B542-E1A6-4111-84A0-B8ACDC4070CB}.Release|x86.Build.0 = Release|Any CPU
		{63659FED-9344-40E1-A78A-5EC65DA32652}.Debug|Any CPU.ActiveCfg = Debug|Any CPU
		{63659FED-9344-40E1-A78A-5EC65DA32652}.Debug|Any CPU.Build.0 = Debug|Any CPU
		{63659FED-9344-40E1-A78A-5EC65DA32652}.Debug|x64.ActiveCfg = Debug|Any CPU
		{63659FED-9344-40E1-A78A-5EC65DA32652}.Debug|x64.Build.0 = Debug|Any CPU
		{63659FED-9344-40E1-A78A-5EC65DA32652}.Debug|x86.ActiveCfg = Debug|Any CPU
		{63659FED-9344-40E1-A78A-5EC65DA32652}.Debug|x86.Build.0 = Debug|Any CPU
		{63659FED-9344-40E1-A78A-5EC65DA32652}.Release|Any CPU.ActiveCfg = Release|Any CPU
		{63659FED-9344-40E1-A78A-5EC65DA32652}.Release|Any CPU.Build.0 = Release|Any CPU
		{63659FED-9344-40E1-A78A-5EC65DA32652}.Release|x64.ActiveCfg = Release|Any CPU
		{63659FED-9344-40E1-A78A-5EC65DA32652}.Release|x64.Build.0 = Release|Any CPU
		{63659FED-9344-40E1-A78A-5EC65DA32652}.Release|x86.ActiveCfg = Release|Any CPU
		{63659FED-9344-40E1-A78A-5EC65DA32652}.Release|x86.Build.0 = Release|Any CPU
	EndGlobalSection
	GlobalSection(SolutionProperties) = preSolution
		HideSolutionNode = FALSE
	EndGlobalSection
	GlobalSection(NestedProjects) = preSolution
		{AADCCDD3-E904-4B7E-9A36-D5A5F5F1C8B0} = {827E0CD3-B72D-47B6-A68D-7590B98EB39B}
		{82C78607-FE7F-4A64-AB21-AE4D022E774F} = {827E0CD3-B72D-47B6-A68D-7590B98EB39B}
		{22D8301C-A5E1-44E6-B685-BF6F1FA98A17} = {827E0CD3-B72D-47B6-A68D-7590B98EB39B}
		{715EBE8B-200C-4F37-91C8-2E06E3520BD4} = {827E0CD3-B72D-47B6-A68D-7590B98EB39B}
		{BCC47A35-67C4-4701-8269-38E1C5C08A55} = {827E0CD3-B72D-47B6-A68D-7590B98EB39B}
		{4BABAB25-6E71-4C04-8316-3C01EB43EBD2} = {827E0CD3-B72D-47B6-A68D-7590B98EB39B}
		{AACA293A-5656-4CF5-A7A5-36E18FC8F89E} = {827E0CD3-B72D-47B6-A68D-7590B98EB39B}
		{83C1B542-E1A6-4111-84A0-B8ACDC4070CB} = {0AB3BF05-4346-4AA6-1389-037BE0695223}
		{63659FED-9344-40E1-A78A-5EC65DA32652} = {0AB3BF05-4346-4AA6-1389-037BE0695223}
	EndGlobalSection
EndGlobal
